
Microsoft Visual Studio Solution File, Format Version 12.00
# Visual Studio Version 17
VisualStudioVersion = 17.14.36109.1
MinimumVisualStudioVersion = 10.0.40219.1
Project("{FAE04EC0-301F-11D3-BF4B-00C04F79EFBC}") = "ListaDeTareasGUI", "ListaDeTareasGUI\ListaDeTareasGUI.csproj", "{88D017BC-E33C-46D4-A62F-3117BD359A67}"
EndProject
Project("{2150E333-8FDC-42A3-9474-1A3956D46DE8}") = "Elementos de la solución", "Elementos de la solución", "{D107F4C8-89CC-BEA8-D3D7-CA6B7733353D}"
EndProject
Global
	GlobalSection(SolutionConfigurationPlatforms) = preSolution
		Debug|Any CPU = Debug|Any CPU
		Release|Any CPU = Release|Any CPU
	EndGlobalSection
	GlobalSection(ProjectConfigurationPlatforms) = postSolution
		{88D017BC-E33C-46D4-A62F-3117BD359A67}.Debug|Any CPU.ActiveCfg = Debug|Any CPU
		{88D017BC-E33C-46D4-A62F-3117BD359A67}.Debug|Any CPU.Build.0 = Debug|Any CPU
		{88D017BC-E33C-46D4-A62F-3117BD359A67}.Release|Any CPU.ActiveCfg = Release|Any CPU
		{88D017BC-E33C-46D4-A62F-3117BD359A67}.Release|Any CPU.Build.0 = Release|Any CPU
	EndGlobalSection
	GlobalSection(SolutionProperties) = preSolution
		HideSolutionNode = FALSE
	EndGlobalSection
	GlobalSection(ExtensibilityGlobals) = postSolution
		SolutionGuid = {5668AE4A-01E6-470D-822C-924DCA51DBC8}
	EndGlobalSection
EndGlobal
